
Microsoft Visual Studio Solution File, Format Version 12.00
# Visual Studio Version 16
VisualStudioVersion = 16.0.30114.105
MinimumVisualStudioVersion = 10.0.40219.1
Project("{FAE04EC0-301F-11D3-BF4B-00C04F79EFBC}") = "AnotherMethodReview.Data", "AnotherMethodReview.Data\AnotherMethodReview.Data.csproj", "{AF234413-0125-498F-924E-2E094D2041A0}"
EndProject
Project("{FAE04EC0-301F-11D3-BF4B-00C04F79EFBC}") = "AnotherMethodReview.UI", "AnotherMethodReview.UI\AnotherMethodReview.UI.csproj", "{B18284AD-0FA6-46BB-B8A5-177AA1EF5A2B}"
EndProject
Global
	GlobalSection(SolutionConfigurationPlatforms) = preSolution
		Debug|Any CPU = Debug|Any CPU
		Release|Any CPU = Release|Any CPU
	EndGlobalSection
	GlobalSection(SolutionProperties) = preSolution
		HideSolutionNode = FALSE
	EndGlobalSection
	GlobalSection(ProjectConfigurationPlatforms) = postSolution
		{AF234413-0125-498F-924E-2E094D2041A0}.Debug|Any CPU.ActiveCfg = Debug|Any CPU
		{AF234413-0125-498F-924E-2E094D2041A0}.Debug|Any CPU.Build.0 = Debug|Any CPU
		{AF234413-0125-498F-924E-2E094D2041A0}.Release|Any CPU.ActiveCfg = Release|Any CPU
		{AF234413-0125-498F-924E-2E094D2041A0}.Release|Any CPU.Build.0 = Release|Any CPU
		{B18284AD-0FA6-46BB-B8A5-177AA1EF5A2B}.Debug|Any CPU.ActiveCfg = Debug|Any CPU
		{B18284AD-0FA6-46BB-B8A5-177AA1EF5A2B}.Debug|Any CPU.Build.0 = Debug|Any CPU
		{B18284AD-0FA6-46BB-B8A5-177AA1EF5A2B}.Release|Any CPU.ActiveCfg = Release|Any CPU
		{B18284AD-0FA6-46BB-B8A5-177AA1EF5A2B}.Release|Any CPU.Build.0 = Release|Any CPU
	EndGlobalSection
EndGlobal
